lockfileVersion: '9.0'

settings:
  autoInstallPeers: true
  excludeLinksFromLockfile: false

importers:

  .:
    dependencies:
      '@open-iframe-resizer/core':
        specifier: ^1.2.1
        version: 1.2.1
    devDependencies:
      typescript:
        specifier: ^5.7.2
        version: 5.7.2

packages:

  '@open-iframe-resizer/core@1.2.1':
    resolution: {integrity: sha512-s2+Z53j/+91TZCIg00OobWjuTb50Z0Dqmu+e0Ocs+hlmUIZ6qYXu58dbEUKkZvLwoMnhZrnuqlLPsVUzMfopOQ==}

  typescript@5.7.2:
    resolution: {integrity: sha512-i5t66RHxDvVN40HfDd1PsEThGNnlMCMT3jMUuoh9/0TaqWevNontacunWyN02LA9/fIbEWlcHZcgTKb9QoaLfg==}
    engines: {node: '>=14.17'}
    hasBin: true

snapshots:

  '@open-iframe-resizer/core@1.2.1': {}

  typescript@5.7.2: {}
